// !$*UTF8*$!
{
	archiveVersion = 1;
	classes = {
	};
	objectVersion = 77;
	objects = {

/* Begin PBXBuildFile section */
		E30BD9B62CB3CF0000EE89FD /* SnapKit in Frameworks */ = {isa = PBXBuildFile; productRef = E30BD9B52CB3CF0000EE89FD /* SnapKit */; };
/* End PBXBuildFile section */

/* Begin PBXContainerItemProxy section */
		E30BD9802CB3CC5900EE89FD /* PBXContainerItemProxy */ = {
			isa = PBXContainerItemProxy;
			containerPortal = E30BD9612CB3CC5800EE89FD /* Project object */;
			proxyType = 1;
			remoteGlobalIDString = E30BD9682CB3CC5800EE89FD;
			remoteInfo = Week1;
		};
		E30BD98A2CB3CC5900EE89FD /* PBXContainerItemProxy */ = {
			isa = PBXContainerItemProxy;
			containerPortal = E30BD9612CB3CC5800EE89FD /* Project object */;
			proxyType = 1;
			remoteGlobalIDString = E30BD9682CB3CC5800EE89FD;
			remoteInfo = Week1;
		};
/* End PBXContainerItemProxy section */

/* Begin PBXFileReference section */
		E30BD9692CB3CC5800EE89FD /* Week1.app */ = {isa = PBXFileReference; explicitFileType = wrapper.application; includeInIndex = 0; path = Week1.app; sourceTree = BUILT_PRODUCTS_DIR; };
		E30BD97F2CB3CC5900EE89FD /* Week1Tests.xctest */ = {isa = PBXFileReference; explicitFileType = wrapper.cfbundle; includeInIndex = 0; path = Week1Tests.xctest; sourceTree = BUILT_PRODUCTS_DIR; };
		E30BD9892CB3CC5900EE89FD /* Week1UITests.xctest */ = {isa = PBXFileReference; explicitFileType = wrapper.cfbundle; includeInIndex = 0; path = Week1UITests.xctest; sourceTree = BUILT_PRODUCTS_DIR; };
/* End PBXFileReference section */

/* Begin PBXFileSystemSynchronizedBuildFileExceptionSet section */
		E30BD9912CB3CC5900EE89FD /* Exceptions for "Week1" folder in "Week1" target */ = {
			isa = PBXFileSystemSynchronizedBuildFileExceptionSet;
			membershipExceptions = (
				Resources/Info.plist,
			);
			target = E30BD9682CB3CC5800EE89FD /* Week1 */;
		};
/* End PBXFileSystemSynchronizedBuildFileExceptionSet section */

/* Begin PBXFileSystemSynchronizedRootGroup section */
		E30BD96B2CB3CC5800EE89FD /* Week1 */ = {
			isa = PBXFileSystemSynchronizedRootGroup;
			exceptions = (
				E30BD9912CB3CC5900EE89FD /* Exceptions for "Week1" folder in "Week1" target */,
			);
			path = Week1;
			sourceTree = "<group>";
		};
		E30BD9822CB3CC5900EE89FD /* Week1Tests */ = {
			isa = PBXFileSystemSynchronizedRootGroup;
			path = Week1Tests;
			sourceTree = "<group>";
		};
		E30BD98C2CB3CC5900EE89FD /* Week1UITests */ = {
			isa = PBXFileSystemSynchronizedRootGroup;
			path = Week1UITests;
			sourceTree = "<group>";
		};
/* End PBXFileSystemSynchronizedRootGroup section */

/* Begin PBXFrameworksBuildPhase section */
		E30BD9662CB3CC5800EE89FD /* Frameworks */ = {
			isa = PBXFrameworksBuildPhase;
			buildActionMask = 2147483647;
			files = (
				E30BD9B62CB3CF0000EE89FD /* SnapKit in Frameworks */,
			);
			runOnlyForDeploymentPostprocessing = 0;
		};
		E30BD97C2CB3CC5900EE89FD /* Frameworks */ = {
			isa = PBXFrameworksBuildPhase;
			buildActionMask = 2147483647;
			files = (
			);
			runOnlyForDeploymentPostprocessing = 0;
		};
		E30BD9862CB3CC5900EE89FD /* Frameworks */ = {
			isa = PBXFrameworksBuildPhase;
			buildActionMask = 2147483647;
			files = (
			);
			runOnlyForDeploymentPostprocessing = 0;
		};
/* End PBXFrameworksBuildPhase section */

/* Begin PBXGroup section */
		E30BD9602CB3CC5800EE89FD = {
			isa = PBXGroup;
			children = (
				E30BD96B2CB3CC5800EE89FD /* Week1 */,
				E30BD9822CB3CC5900EE89FD /* Week1Tests */,
				E30BD98C2CB3CC5900EE89FD /* Week1UITests */,
				E30BD96A2CB3CC5800EE89FD /* Products */,
			);
			sourceTree = "<group>";
		};
		E30BD96A2CB3CC5800EE89FD /* Products */ = {
			isa = PBXGroup;
			children = (
				E30BD9692CB3CC5800EE89FD /* Week1.app */,
				E30BD97F2CB3CC5900EE89FD /* Week1Tests.xctest */,
				E30BD9892CB3CC5900EE89FD /* Week1UITests.xctest */,
			);
			name = Products;
			sourceTree = "<group>";
		};
/* End PBXGroup section */

/* Begin PBXNativeTarget section */
		E30BD9682CB3CC5800EE89FD /* Week1 */ = {
			isa = PBXNativeTarget;
			buildConfigurationList = E30BD9922CB3CC5900EE89FD /* Build configuration list for PBXNativeTarget "Week1" */;
			buildPhases = (
				E30BD9652CB3CC5800EE89FD /* Sources */,
				E30BD9662CB3CC5800EE89FD /* Frameworks */,
				E30BD9672CB3CC5800EE89FD /* Resources */,
			);
			buildRules = (
			);
			dependencies = (
			);
			fileSystemSynchronizedGroups = (
				E30BD96B2CB3CC5800EE89FD /* Week1 */,
			);
			name = Week1;
			packageProductDependencies = (
				E30BD9B52CB3CF0000EE89FD /* SnapKit */,
			);
			productName = Week1;
			productReference = E30BD9692CB3CC5800EE89FD /* Week1.app */;
			productType = "com.apple.product-type.application";
		};
		E30BD97E2CB3CC5900EE89FD /* Week1Tests */ = {
			isa = PBXNativeTarget;
			buildConfigurationList = E30BD9972CB3CC5900EE89FD /* Build configuration list for PBXNativeTarget "Week1Tests" */;
			buildPhases = (
				E30BD97B2CB3CC5900EE89FD /* Sources */,
				E30BD97C2CB3CC5900EE89FD /* Frameworks */,
				E30BD97D2CB3CC5900EE89FD /* Resources */,
			);
			buildRules = (
			);
			dependencies = (
				E30BD9812CB3CC5900EE89FD /* PBXTargetDependency */,
			);
			fileSystemSynchronizedGroups = (
				E30BD9822CB3CC5900EE89FD /* Week1Tests */,
			);
			name = Week1Tests;
			packageProductDependencies = (
			);
			productName = Week1Tests;
			productReference = E30BD97F2CB3CC5900EE89FD /* Week1Tests.xctest */;
			productType = "com.apple.product-type.bundle.unit-test";
		};
		E30BD9882CB3CC5900EE89FD /* Week1UITests */ = {
			isa = PBXNativeTarget;
			buildConfigurationList = E30BD99A2CB3CC5900EE89FD /* Build configuration list for PBXNativeTarget "Week1UITests" */;
			buildPhases = (
				E30BD9852CB3CC5900EE89FD /* Sources */,
				E30BD9862CB3CC5900EE89FD /* Frameworks */,
				E30BD9872CB3CC5900EE89FD /* Resources */,
			);
			buildRules = (
			);
			dependencies = (
				E30BD98B2CB3CC5900EE89FD /* PBXTargetDependency */,
			);
			fileSystemSynchronizedGroups = (
				E30BD98C2CB3CC5900EE89FD /* Week1UITests */,
			);
			name = Week1UITests;
			packageProductDependencies = (
			);
			productName = Week1UITests;
			productReference = E30BD9892CB3CC5900EE89FD /* Week1UITests.xctest */;
			productType = "com.apple.product-type.bundle.ui-testing";
		};
/* End PBXNativeTarget section */

/* Begin PBXProject section */
		E30BD9612CB3CC5800EE89FD /* Project object */ = {
			isa = PBXProject;
			attributes = {
				BuildIndependentTargetsInParallel = 1;
				LastSwiftUpdateCheck = 1600;
				LastUpgradeCheck = 1600;
				TargetAttributes = {
					E30BD9682CB3CC5800EE89FD = {
						CreatedOnToolsVersion = 16.0;
					};
					E30BD97E2CB3CC5900EE89FD = {
						CreatedOnToolsVersion = 16.0;
						TestTargetID = E30BD9682CB3CC5800EE89FD;
					};
					E30BD9882CB3CC5900EE89FD = {
						CreatedOnToolsVersion = 16.0;
						TestTargetID = E30BD9682CB3CC5800EE89FD;
					};
				};
			};
			buildConfigurationList = E30BD9642CB3CC5800EE89FD /* Build configuration list for PBXProject "Week1" */;
			developmentRegion = en;
			hasScannedForEncodings = 0;
			knownRegions = (
				en,
				Base,
			);
			mainGroup = E30BD9602CB3CC5800EE89FD;
			minimizedProjectReferenceProxies = 1;
			packageReferences = (
				E30BD9B42CB3CF0000EE89FD /* XCRemoteSwiftPackageReference "SnapKit" */,
			);
			preferredProjectObjectVersion = 77;
			productRefGroup = E30BD96A2CB3CC5800EE89FD /* Products */;
			projectDirPath = "";
			projectRoot = "";
			targets = (
				E30BD9682CB3CC5800EE89FD /* Week1 */,
				E30BD97E2CB3CC5900EE89FD /* Week1Tests */,
				E30BD9882CB3CC5900EE89FD /* Week1UITests */,
			);
		};
/* End PBXProject section */

/* Begin PBXResourcesBuildPhase section */
		E30BD9672CB3CC5800EE89FD /* Resources */ = {
			isa = PBXResourcesBuildPhase;
			buildActionMask = 2147483647;
			files = (
			);
			runOnlyForDeploymentPostprocessing = 0;
		};
		E30BD97D2CB3CC5900EE89FD /* Resources */ = {
			isa = PBXResourcesBuildPhase;
			buildActionMask = 2147483647;
			files = (
			);
			runOnlyForDeploymentPostprocessing = 0;
		};
		E30BD9872CB3CC5900EE89FD /* Resources */ = {
			isa = PBXResourcesBuildPhase;
			buildActionMask = 2147483647;
			files = (
			);
			runOnlyForDeploymentPostprocessing = 0;
		};
/* End PBXResourcesBuildPhase section */

/* Begin PBXSourcesBuildPhase section */
		E30BD9652CB3CC5800EE89FD /* Sources */ = {
			isa = PBXSourcesBuildPhase;
			buildActionMask = 2147483647;
			files = (
			);
			runOnlyForDeploymentPostprocessing = 0;
		};
		E30BD97B2CB3CC5900EE89FD /* Sources */ = {
			isa = PBXSourcesBuildPhase;
			buildActionMask = 2147483647;
			files = (
			);
			runOnlyForDeploymentPostprocessing = 0;
		};
		E30BD9852CB3CC5900EE89FD /* Sources */ = {
			isa = PBXSourcesBuildPhase;
			buildActionMask = 2147483647;
			files = (
			);
			runOnlyForDeploymentPostprocessing = 0;
		};
/* End PBXSourcesBuildPhase section */

/* Begin PBXTargetDependency section */
		E30BD9812CB3CC5900EE89FD /* PBXTargetDependency */ = {
			isa = PBXTargetDependency;
			target = E30BD9682CB3CC5800EE89FD /* Week1 */;
			targetProxy = E30BD9802CB3CC5900EE89FD /* PBXContainerItemProxy */;
		};
		E30BD98B2CB3CC5900EE89FD /* PBXTargetDependency */ = {
			isa = PBXTargetDependency;
			target = E30BD9682CB3CC5800EE89FD /* Week1 */;
			targetProxy = E30BD98A2CB3CC5900EE89FD /* PBXContainerItemProxy */;
		};
/* End PBXTargetDependency section */

/* Begin XCBuildConfiguration section */
		E30BD9932CB3CC5900EE89FD /* Debug */ = {
			isa = XCBuildConfiguration;
			buildSettings = {
				ASSETCATALOG_COMPILER_APPICON_NAME = AppIcon;
				ASSETCATALOG_COMPILER_GLOBAL_ACCENT_COLOR_NAME = AccentColor;
				CODE_SIGN_STYLE = Automatic;
				CURRENT_PROJECT_VERSION = 1;
				DEVELOPMENT_TEAM = 7KX4HGAQ77;
				GENERATE_INFOPLIST_FILE = YES;
				INFOPLIST_FILE = Week1/Resources/Info.plist;
				INFOPLIST_KEY_UIApplicationSupportsIndirectInputEvents = YES;
				INFOPLIST_KEY_UILaunchStoryboardName = LaunchScreen;
				INFOPLIST_KEY_UIMainStoryboardFile = "";
				INFOPLIST_KEY_UISupportedInterfaceOrientations_iPad = "UIInterfaceOrientationPortrait UIInterfaceOrientationPortraitUpsideDown UIInterfaceOrientationLandscapeLeft UIInterfaceOrientationLandscapeRight";
				INFOPLIST_KEY_UISupportedInterfaceOrientations_iPhone = "UIInterfaceOrientationPortrait UIInterfaceOrientationLandscapeLeft UIInterfaceOrientationLandscapeRight";
				LD_RUNPATH_SEARCH_PATHS = (
					"$(inherited)",
					"@executable_path/Frameworks",
				);
				MARKETING_VERSION = 1.0;
				PRODUCT_BUNDLE_IDENTIFIER = won.Week1;
				PRODUCT_NAME = "$(TARGET_NAME)";
				SWIFT_EMIT_LOC_STRINGS = YES;
				SWIFT_VERSION = 5.0;
				TARGETED_DEVICE_FAMILY = "1,2";
			};
			name = Debug;
		};
		E30BD9942CB3CC5900EE89FD /* Release */ = {
			isa = XCBuildConfiguration;
			buildSettings = {
				ASSETCATALOG_COMPILER_APPICON_NAME = AppIcon;
				ASSETCATALOG_COMPILER_GLOBAL_ACCENT_COLOR_NAME = AccentColor;
				CODE_SIGN_STYLE = Automatic;
				CURRENT_PROJECT_VERSION = 1;
				DEVELOPMENT_TEAM = 7KX4HGAQ77;
				GENERATE_INFOPLIST_FILE = YES;
				INFOPLIST_FILE = Week1/Resources/Info.plist;
				INFOPLIST_KEY_UIApplicationSupportsIndirectInputEvents = YES;
				INFOPLIST_KEY_UILaunchStoryboardName = LaunchScreen;
				INFOPLIST_KEY_UIMainStoryboardFile = "";
				INFOPLIST_KEY_UISupportedInterfaceOrientations_iPad = "UIInterfaceOrientationPortrait UIInterfaceOrientationPortraitUpsideDown UIInterfaceOrientationLandscapeLeft UIInterfaceOrientationLandscapeRight";
				INFOPLIST_KEY_UISupportedInterfaceOrientations_iPhone = "UIInterfaceOrientationPortrait UIInterfaceOrientationLandscapeLeft UIInterfaceOrientationLandscapeRight";
				LD_RUNPATH_SEARCH_PATHS = (
					"$(inherited)",
					"@executable_path/Frameworks",
				);
				MARKETING_VERSION = 1.0;
				PRODUCT_BUNDLE_IDENTIFIER = won.Week1;
				PRODUCT_NAME = "$(TARGET_NAME)";
				SWIFT_EMIT_LOC_STRINGS = YES;
				SWIFT_VERSION = 5.0;
				TARGETED_DEVICE_FAMILY = "1,2";
			};
			name = Release;
		};
		E30BD9952CB3CC5900EE89FD /* Debug */ = {
			isa = XCBuildConfiguration;
			buildSettings = {
				ALWAYS_SEARCH_USER_PATHS = NO;
				ASSETCATALOG_COMPILER_GENERATE_SWIFT_ASSET_SYMBOL_EXTENSIONS = YES;
				CLANG_ANALYZER_NONNULL = YES;
				CLANG_ANALYZER_NUMBER_OBJECT_CONVERSION = YES_AGGRESSIVE;
				CLANG_CXX_LANGUAGE_STANDARD = "gnu++20";
				CLANG_ENABLE_MODULES = YES;
				CLANG_ENABLE_OBJC_ARC = YES;
				CLANG_ENABLE_OBJC_WEAK = YES;
				CLANG_WARN_BLOCK_CAPTURE_AUTORELEASING = YES;
				CLANG_WARN_BOOL_CONVERSION = YES;
				CLANG_WARN_COMMA = YES;
				CLANG_WARN_CONSTANT_CONVERSION = YES;
				CLANG_WARN_DEPRECATED_OBJC_IMPLEMENTATIONS = YES;
				CLANG_WARN_DIRECT_OBJC_ISA_USAGE = YES_ERROR;
				CLANG_WARN_DOCUMENTATION_COMMENTS = YES;
				CLANG_WARN_EMPTY_BODY = YES;
				CLANG_WARN_ENUM_CONVERSION = YES;
				CLANG_WARN_INFINITE_RECURSION = YES;
				CLANG_WARN_INT_CONVERSION = YES;
				CLANG_WARN_NON_LITERAL_NULL_CONVERSION = YES;
				CLANG_WARN_OBJC_IMPLICIT_RETAIN_SELF = YES;
				CLANG_WARN_OBJC_LITERAL_CONVERSION = YES;
				CLANG_WARN_OBJC_ROOT_CLASS = YES_ERROR;
				CLANG_WARN_QUOTED_INCLUDE_IN_FRAMEWORK_HEADER = YES;
				CLANG_WARN_RANGE_LOOP_ANALYSIS = YES;
				CLANG_WARN_STRICT_PROTOTYPES = YES;
				CLANG_WARN_SUSPICIOUS_MOVE = YES;
				CLANG_WARN_UNGUARDED_AVAILABILITY = YES_AGGRESSIVE;
				CLANG_WARN_UNREACHABLE_CODE = YES;
				CLANG_WARN__DUPLICATE_METHOD_MATCH = YES;
				COPY_PHASE_STRIP = NO;
				DEBUG_INFORMATION_FORMAT = dwarf;
				ENABLE_STRICT_OBJC_MSGSEND = YES;
				ENABLE_TESTABILITY = YES;
				ENABLE_USER_SCRIPT_SANDBOXING = YES;
				GCC_C_LANGUAGE_STANDARD = gnu17;
				GCC_DYNAMIC_NO_PIC = NO;
				GCC_NO_COMMON_BLOCKS = YES;
				GCC_OPTIMIZATION_LEVEL = 0;
				GCC_PREPROCESSOR_DEFINITIONS = (
					"DEBUG=1",
					"$(inherited)",
				);
				GCC_WARN_64_TO_32_BIT_CONVERSION = YES;
				GCC_WARN_ABOUT_RETURN_TYPE = YES_ERROR;
				GCC_WARN_UNDECLARED_SELECTOR = YES;
				GCC_WARN_UNINITIALIZED_AUTOS = YES_AGGRESSIVE;
				GCC_WARN_UNUSED_FUNCTION = YES;
				GCC_WARN_UNUSED_VARIABLE = YES;
				IPHONEOS_DEPLOYMENT_TARGET = 18.0;
				LOCALIZATION_PREFERS_STRING_CATALOGS = YES;
				MTL_ENABLE_DEBUG_INFO = INCLUDE_SOURCE;
				MTL_FAST_MATH = YES;
				ONLY_ACTIVE_ARCH = YES;
				SDKROOT = iphoneos;
				SWIFT_ACTIVE_COMPILATION_CONDITIONS = "DEBUG $(inherited)";
				SWIFT_OPTIMIZATION_LEVEL = "-Onone";
			};
			name = Debug;
		};
		E30BD9962CB3CC5900EE89FD /* Release */ = {
			isa = XCBuildConfiguration;
			buildSettings = {
				ALWAYS_SEARCH_USER_PATHS = NO;
				ASSETCATALOG_COMPILER_GENERATE_SWIFT_ASSET_SYMBOL_EXTENSIONS = YES;
				CLANG_ANALYZER_NONNULL = YES;
				CLANG_ANALYZER_NUMBER_OBJECT_CONVERSION = YES_AGGRESSIVE;
				CLANG_CXX_LANGUAGE_STANDARD = "gnu++20";
				CLANG_ENABLE_MODULES = YES;
				CLANG_ENABLE_OBJC_ARC = YES;
				CLANG_ENABLE_OBJC_WEAK = YES;
				CLANG_WARN_BLOCK_CAPTURE_AUTORELEASING = YES;
				CLANG_WARN_BOOL_CONVERSION = YES;
				CLANG_WARN_COMMA = YES;
				CLANG_WARN_CONSTANT_CONVERSION = YES;
				CLANG_WARN_DEPRECATED_OBJC_IMPLEMENTATIONS = YES;
				CLANG_WARN_DIRECT_OBJC_ISA_USAGE = YES_ERROR;
				CLANG_WARN_DOCUMENTATION_COMMENTS = YES;
				CLANG_WARN_EMPTY_BODY = YES;
				CLANG_WARN_ENUM_CONVERSION = YES;
				CLANG_WARN_INFINITE_RECURSION = YES;
				CLANG_WARN_INT_CONVERSION = YES;
				CLANG_WARN_NON_LITERAL_NULL_CONVERSION = YES;
				CLANG_WARN_OBJC_IMPLICIT_RETAIN_SELF = YES;
				CLANG_WARN_OBJC_LITERAL_CONVERSION = YES;
				CLANG_WARN_OBJC_ROOT_CLASS = YES_ERROR;
				CLANG_WARN_QUOTED_INCLUDE_IN_FRAMEWORK_HEADER = YES;
				CLANG_WARN_RANGE_LOOP_ANALYSIS = YES;
				CLANG_WARN_STRICT_PROTOTYPES = YES;
				CLANG_WARN_SUSPICIOUS_MOVE = YES;
				CLANG_WARN_UNGUARDED_AVAILABILITY = YES_AGGRESSIVE;
				CLANG_WARN_UNREACHABLE_CODE = YES;
				CLANG_WARN__DUPLICATE_METHOD_MATCH = YES;
				COPY_PHASE_STRIP = NO;
				DEBUG_INFORMATION_FORMAT = "dwarf-with-dsym";
				ENABLE_NS_ASSERTIONS = NO;
				ENABLE_STRICT_OBJC_MSGSEND = YES;
				ENABLE_USER_SCRIPT_SANDBOXING = YES;
				GCC_C_LANGUAGE_STANDARD = gnu17;
				GCC_NO_COMMON_BLOCKS = YES;
				GCC_WARN_64_TO_32_BIT_CONVERSION = YES;
				GCC_WARN_ABOUT_RETURN_TYPE = YES_ERROR;
				GCC_WARN_UNDECLARED_SELECTOR = YES;
				GCC_WARN_UNINITIALIZED_AUTOS = YES_AGGRESSIVE;
				GCC_WARN_UNUSED_FUNCTION = YES;
				GCC_WARN_UNUSED_VARIABLE = YES;
				IPHONEOS_DEPLOYMENT_TARGET = 18.0;
				LOCALIZATION_PREFERS_STRING_CATALOGS = YES;
				MTL_ENABLE_DEBUG_INFO = NO;
				MTL_FAST_MATH = YES;
				SDKROOT = iphoneos;
				SWIFT_COMPILATION_MODE = wholemodule;
				VALIDATE_PRODUCT = YES;
			};
			name = Release;
		};
		E30BD9982CB3CC5900EE89FD /* Debug */ = {
			isa = XCBuildConfiguration;
			buildSettings = {
				BUNDLE_LOADER = "$(TEST_HOST)";
				CODE_SIGN_STYLE = Automatic;
				CURRENT_PROJECT_VERSION = 1;
				DEVELOPMENT_TEAM = 7KX4HGAQ77;
				GENERATE_INFOPLIST_FILE = YES;
				IPHONEOS_DEPLOYMENT_TARGET = 18.0;
				MARKETING_VERSION = 1.0;
				PRODUCT_BUNDLE_IDENTIFIER = won.Week1Tests;
				PRODUCT_NAME = "$(TARGET_NAME)";
				SWIFT_EMIT_LOC_STRINGS = NO;
				SWIFT_VERSION = 5.0;
				TARGETED_DEVICE_FAMILY = "1,2";
				TEST_HOST = "$(BUILT_PRODUCTS_DIR)/Week1.app/$(BUNDLE_EXECUTABLE_FOLDER_PATH)/Week1";
			};
			name = Debug;
		};
		E30BD9992CB3CC5900EE89FD /* Release */ = {
			isa = XCBuildConfiguration;
			buildSettings = {
				BUNDLE_LOADER = "$(TEST_HOST)";
				CODE_SIGN_STYLE = Automatic;
				CURRENT_PROJECT_VERSION = 1;
				DEVELOPMENT_TEAM = 7KX4HGAQ77;
				GENERATE_INFOPLIST_FILE = YES;
				IPHONEOS_DEPLOYMENT_TARGET = 18.0;
				MARKETING_VERSION = 1.0;
				PRODUCT_BUNDLE_IDENTIFIER = won.Week1Tests;
				PRODUCT_NAME = "$(TARGET_NAME)";
				SWIFT_EMIT_LOC_STRINGS = NO;
				SWIFT_VERSION = 5.0;
				TARGETED_DEVICE_FAMILY = "1,2";
				TEST_HOST = "$(BUILT_PRODUCTS_DIR)/Week1.app/$(BUNDLE_EXECUTABLE_FOLDER_PATH)/Week1";
			};
			name = Release;
		};
		E30BD99B2CB3CC5900EE89FD /* Debug */ = {
			isa = XCBuildConfiguration;
			buildSettings = {
				CODE_SIGN_STYLE = Automatic;
				CURRENT_PROJECT_VERSION = 1;
				DEVELOPMENT_TEAM = 7KX4HGAQ77;
				GENERATE_INFOPLIST_FILE = YES;
				MARKETING_VERSION = 1.0;
				PRODUCT_BUNDLE_IDENTIFIER = won.Week1UITests;
				PRODUCT_NAME = "$(TARGET_NAME)";
				SWIFT_EMIT_LOC_STRINGS = NO;
				SWIFT_VERSION = 5.0;
				TARGETED_DEVICE_FAMILY = "1,2";
				TEST_TARGET_NAME = Week1;
			};
			name = Debug;
		};
		E30BD99C2CB3CC5900EE89FD /* Release */ = {
			isa = XCBuildConfiguration;
			buildSettings = {
				CODE_SIGN_STYLE = Automatic;
				CURRENT_PROJECT_VERSION = 1;
				DEVELOPMENT_TEAM = 7KX4HGAQ77;
				GENERATE_INFOPLIST_FILE = YES;
				MARKETING_VERSION = 1.0;
				PRODUCT_BUNDLE_IDENTIFIER = won.Week1UITests;
				PRODUCT_NAME = "$(TARGET_NAME)";
				SWIFT_EMIT_LOC_STRINGS = NO;
				SWIFT_VERSION = 5.0;
				TARGETED_DEVICE_FAMILY = "1,2";
				TEST_TARGET_NAME = Week1;
			};
			name = Release;
		};
/* End XCBuildConfiguration section */

/* Begin XCConfigurationList section */
		E30BD9642CB3CC5800EE89FD /* Build configuration list for PBXProject "Week1" */ = {
			isa = XCConfigurationList;
			buildConfigurations = (
				E30BD9952CB3CC5900EE89FD /* Debug */,
				E30BD9962CB3CC5900EE89FD /* Release */,
			);
			defaultConfigurationIsVisible = 0;
			defaultConfigurationName = Release;
		};
		E30BD9922CB3CC5900EE89FD /* Build configuration list for PBXNativeTarget "Week1" */ = {
			isa = XCConfigurationList;
			buildConfigurations = (
				E30BD9932CB3CC5900EE89FD /* Debug */,
				E30BD9942CB3CC5900EE89FD /* Release */,
			);
			defaultConfigurationIsVisible = 0;
			defaultConfigurationName = Release;
		};
		E30BD9972CB3CC5900EE89FD /* Build configuration list for PBXNativeTarget "Week1Tests" */ = {
			isa = XCConfigurationList;
			buildConfigurations = (
				E30BD9982CB3CC5900EE89FD /* Debug */,
				E30BD9992CB3CC5900EE89FD /* Release */,
			);
			defaultConfigurationIsVisible = 0;
			defaultConfigurationName = Release;
		};
		E30BD99A2CB3CC5900EE89FD /* Build configuration list for PBXNativeTarget "Week1UITests" */ = {
			isa = XCConfigurationList;
			buildConfigurations = (
				E30BD99B2CB3CC5900EE89FD /* Debug */,
				E30BD99C2CB3CC5900EE89FD /* Release */,
			);
			defaultConfigurationIsVisible = 0;
			defaultConfigurationName = Release;
		};
/* End XCConfigurationList section */

/* Begin XCRemoteSwiftPackageReference section */
		E30BD9B42CB3CF0000EE89FD /* XCRemoteSwiftPackageReference "SnapKit" */ = {
			isa = XCRemoteSwiftPackageReference;
			repositoryURL = "https://github.com/SnapKit/SnapKit";
			requirement = {
				kind = upToNextMajorVersion;
				minimumVersion = 5.7.1;
			};
		};
/* End XCRemoteSwiftPackageReference section */

/* Begin XCSwiftPackageProductDependency section */
		E30BD9B52CB3CF0000EE89FD /* SnapKit */ = {
			isa = XCSwiftPackageProductDependency;
			package = E30BD9B42CB3CF0000EE89FD /* XCRemoteSwiftPackageReference "SnapKit" */;
			productName = SnapKit;
		};
/* End XCSwiftPackageProductDependency section */
	};
	rootObject = E30BD9612CB3CC5800EE89FD /* Project object */;
}
